
Microsoft Visual Studio Solution File, Format Version 12.00
# Visual Studio Version 17
VisualStudioVersion = 17.2.32616.157
MinimumVisualStudioVersion = 10.0.40219.1
Project("{FAE04EC0-301F-11D3-BF4B-00C04F79EFBC}") = "CMI", "CMI\CMI.csproj", "{EC11AC2C-8F77-483A-ADC5-3DF87F33EBB8}"
EndProject
Global
	GlobalSection(SolutionConfigurationPlatforms) = preSolution
		Debug|Any CPU = Debug|Any CPU
		Release|Any CPU = Release|Any CPU
	EndGlobalSection
	GlobalSection(ProjectConfigurationPlatforms) = postSolution
		{EC11AC2C-8F77-483A-ADC5-3DF87F33EBB8}.Debug|Any CPU.ActiveCfg = Debug|Any CPU
		{EC11AC2C-8F77-483A-ADC5-3DF87F33EBB8}.Debug|Any CPU.Build.0 = Debug|Any CPU
		{EC11AC2C-8F77-483A-ADC5-3DF87F33EBB8}.Release|Any CPU.ActiveCfg = Release|Any CPU
		{EC11AC2C-8F77-483A-ADC5-3DF87F33EBB8}.Release|Any CPU.Build.0 = Release|Any CPU
	EndGlobalSection
	GlobalSection(SolutionProperties) = preSolution
		HideSolutionNode = FALSE
	EndGlobalSection
	GlobalSection(ExtensibilityGlobals) = postSolution
		SolutionGuid = {87061A33-9CFB-4808-B765-8089CEC3E472}
	EndGlobalSection
EndGlobal
